// !$*UTF8*$!
{
	archiveVersion = 1;
	classes = {
	};
	objectVersion = 46;
	objects = {

/* Begin PBXBuildFile section */
		00E356F31AD99517003FC87E /* jetXTests.m in Sources */ = {isa = PBXBuildFile; fileRef = 00E356F21AD99517003FC87E /* jetXTests.m */; };
		08510D923ADC43C48AF9BC2F /* itc-avant-garde-gothic-std-extra-light-condensed-589570b606f66.otf in Resources */ = {isa = PBXBuildFile; fileRef = A88D073B4EAA4F9A9ABA7B96 /* itc-avant-garde-gothic-std-extra-light-condensed-589570b606f66.otf */; };
		0B7E5E58A4204AFAA0DB955E /* Zocial.ttf in Resources */ = {isa = PBXBuildFile; fileRef = 7A2FA6DABF874BF38F7A9254 /* Zocial.ttf */; };
		10AB21EF7084495A83DB229B /* SimpleLineIcons.ttf in Resources */ = {isa = PBXBuildFile; fileRef = 419EA96421AC4EBB8D12DAD7 /* SimpleLineIcons.ttf */; };
		13541A7DA03D48CA9F337E77 /* Entypo.ttf in Resources */ = {isa = PBXBuildFile; fileRef = 5651A6B47B004900B6278203 /* Entypo.ttf */; };
		13B07FBC1A68108700A75B9A /* AppDelegate.m in Sources */ = {isa = PBXBuildFile; fileRef = 13B07FB01A68108700A75B9A /* AppDelegate.m */; };
		13B07FBD1A68108700A75B9A /* LaunchScreen.xib in Resources */ = {isa = PBXBuildFile; fileRef = 13B07FB11A68108700A75B9A /* LaunchScreen.xib */; };
		13B07FBF1A68108700A75B9A /* Images.xcassets in Resources */ = {isa = PBXBuildFile; fileRef = 13B07FB51A68108700A75B9A /* Images.xcassets */; };
		13B07FC11A68108700A75B9A /* main.m in Sources */ = {isa = PBXBuildFile; fileRef = 13B07FB71A68108700A75B9A /* main.m */; };
		280A6D934E434285BC71EE01 /* FontAwesome5_Regular.ttf in Resources */ = {isa = PBXBuildFile; fileRef = B5456DCB7F6E489D9DD097F9 /* FontAwesome5_Regular.ttf */; };
		2D021621BCE041D9BB54D35F /* itc-avant-garde-gothic-std-bold-oblique-589573024abd6.otf in Resources */ = {isa = PBXBuildFile; fileRef = 1A72BC59FC844B438552212B /* itc-avant-garde-gothic-std-bold-oblique-589573024abd6.otf */; };
		2D02E4BC1E0B4A80006451C7 /* AppDelegate.m in Sources */ = {isa = PBXBuildFile; fileRef = 13B07FB01A68108700A75B9A /* AppDelegate.m */; };
		2D02E4BD1E0B4A84006451C7 /* Images.xcassets in Resources */ = {isa = PBXBuildFile; fileRef = 13B07FB51A68108700A75B9A /* Images.xcassets */; };
		2D02E4BF1E0B4AB3006451C7 /* main.m in Sources */ = {isa = PBXBuildFile; fileRef = 13B07FB71A68108700A75B9A /* main.m */; };
		2DCD954D1E0B4F2C00145EB5 /* jetXTests.m in Sources */ = {isa = PBXBuildFile; fileRef = 00E356F21AD99517003FC87E /* jetXTests.m */; };
		2E59508DE197402D8AFAB4AD /* AntDesign.ttf in Resources */ = {isa = PBXBuildFile; fileRef = 629DBB34459B49ABAE342BE0 /* AntDesign.ttf */; };
		391038035CA3FC734AA50EB7 /* libPods-jetXTests.a in Frameworks */ = {isa = PBXBuildFile; fileRef = DDC5C848F4C2BFCA10738B53 /* libPods-jetXTests.a */; };
		447A01DB7AC046DC87449847 /* itc-avant-garde-gothic-std-book-58957161d80eb.otf in Resources */ = {isa = PBXBuildFile; fileRef = BE209A0027EB436C8CB4205F /* itc-avant-garde-gothic-std-book-58957161d80eb.otf */; };
		45745DEB2F81427FA5183240 /* itc-avant-garde-gothic-std-bold-condensed-oblique-5895710fb8537.otf in Resources */ = {isa = PBXBuildFile; fileRef = F00475BF993C4BD8B8A857A1 /* itc-avant-garde-gothic-std-bold-condensed-oblique-5895710fb8537.otf */; };
		5484305352CD414DA14BBE3C /* itc-avant-garde-gothic-std-demi-589572a199962.otf in Resources */ = {isa = PBXBuildFile; fileRef = 644B2E9E6340418FAED1F8D7 /* itc-avant-garde-gothic-std-demi-589572a199962.otf */; };
		560B86DFE61D4B21B2F2F2E3 /* EvilIcons.ttf in Resources */ = {isa = PBXBuildFile; fileRef = 1C941C354F734A37A1E282A8 /* EvilIcons.ttf */; };
		58E0BB9B290D4263BE388AB1 /* itc-avant-garde-gothic-std-demi-condensed-oblique-5895723d52f87.otf in Resources */ = {isa = PBXBuildFile; fileRef = 94C771D9920A4FA4925C0909 /* itc-avant-garde-gothic-std-demi-condensed-oblique-5895723d52f87.otf */; };
		5A8707D848274AFA96C22E04 /* Fontisto.ttf in Resources */ = {isa = PBXBuildFile; fileRef = 14B2022040AB4E3CA48CEF85 /* Fontisto.ttf */; };
		62D6C04F0EEC4F38B5247A95 /* itc-avant-garde-gothic-std-book-oblique-589571c924212.otf in Resources */ = {isa = PBXBuildFile; fileRef = 35CB0C466F054165BD01CBD8 /* itc-avant-garde-gothic-std-book-oblique-589571c924212.otf */; };
		63057B9637D4477695DBB861 /* itc-avant-garde-gothic-std-bold-589572c7e9955.otf in Resources */ = {isa = PBXBuildFile; fileRef = ABBDBD2AD55E4101819F19F6 /* itc-avant-garde-gothic-std-bold-589572c7e9955.otf */; };
		65FC247ECCF85551DBC24046 /* libPods-jetX.a in Frameworks */ = {isa = PBXBuildFile; fileRef = 0D8016E1BA2079403761EBB8 /* libPods-jetX.a */; };
		6CABCC45D23349B8B46D16E2 /* itc-avant-garde-gothic-std-extra-light-5895708744eb6.otf in Resources */ = {isa = PBXBuildFile; fileRef = 9A37BFEDA33A40F3A28D540C /* itc-avant-garde-gothic-std-extra-light-5895708744eb6.otf */; };
		6E092A802A5D48418F0E1469 /* FontAwesome5_Brands.ttf in Resources */ = {isa = PBXBuildFile; fileRef = 9FA85BE90EC24D16B5C182F4 /* FontAwesome5_Brands.ttf */; };
		740EF211052149F8A2974790 /* itc-avant-garde-gothic-std-extra-light-oblique-5895712c301f0.otf in Resources */ = {isa = PBXBuildFile; fileRef = D858E281AEA44C949F2E5B88 /* itc-avant-garde-gothic-std-extra-light-oblique-5895712c301f0.otf */; };
		77710AAADCDD4536B5A5D1F7 /* FontAwesome.ttf in Resources */ = {isa = PBXBuildFile; fileRef = CB0A3012B84040CD97A56F21 /* FontAwesome.ttf */; };
		820B114A2A7C4C07A28565F9 /* Foundation.ttf in Resources */ = {isa = PBXBuildFile; fileRef = 57470CA794FC48A7BBFD5435 /* Foundation.ttf */; };
		93788C3CC8DE1DBC6491DDB2 /* libPods-jetX-tvOSTests.a in Frameworks */ = {isa = PBXBuildFile; fileRef = D964E8400F36426FB14251CA /* libPods-jetX-tvOSTests.a */; };
		94DAA177C2A24BCEAEACA6D5 /* itc-avant-garde-gothic-std-book-condensed-oblique-589570ed92a2c.otf in Resources */ = {isa = PBXBuildFile; fileRef = F0BB355AA07243EFAB610697 /* itc-avant-garde-gothic-std-book-condensed-oblique-589570ed92a2c.otf */; };
		9A31D6B4FD334B1ABA759D58 /* Ionicons.ttf in Resources */ = {isa = PBXBuildFile; fileRef = A519B31176134A2AA63FB8BD /* Ionicons.ttf */; };
		A7D6EA82E94342FCBF2F663E /* ITCAvantGardePro-Md.ttf in Resources */ = {isa = PBXBuildFile; fileRef = 53BBC591EB2740FDBDE7D660 /* ITCAvantGardePro-Md.ttf */; };
		BB383737C443BAD3819E7697 /* libPods-jetX-tvOS.a in Frameworks */ = {isa = PBXBuildFile; fileRef = 7B8BCC301167E515B7831319 /* libPods-jetX-tvOS.a */; };
		C807BC6EDC0E46D397F9D72D /* FontAwesome5_Solid.ttf in Resources */ = {isa = PBXBuildFile; fileRef = 17F5D5FBA9294B41A18C79B9 /* FontAwesome5_Solid.ttf */; };
		C91E4D39641948738EB682B3 /* MaterialIcons.ttf in Resources */ = {isa = PBXBuildFile; fileRef = 890D7738B68A464489BAA2CF /* MaterialIcons.ttf */; };
		D37ACB34185247FEAC5C671C /* itc-avant-garde-gothic-std-book-condensed-5895704105b51.otf in Resources */ = {isa = PBXBuildFile; fileRef = 9D3824C0E459402DB95B86DF /* itc-avant-garde-gothic-std-book-condensed-5895704105b51.otf */; };
		D79CA283A358443A92353E80 /* ITCAvantGardePro-Bk.ttf in Resources */ = {isa = PBXBuildFile; fileRef = 92C37C831DF8424097BCAC5F /* ITCAvantGardePro-Bk.ttf */; };
		DC6C797F211F4352B0EA6D67 /* Feather.ttf in Resources */ = {isa = PBXBuildFile; fileRef = A6F1F54F91E84858B67A6B7B /* Feather.ttf */; };
		E7DBB00BE0C540B1AAC6223A /* itc-avant-garde-gothic-std-bold-condensed-5895705e8fe31.otf in Resources */ = {isa = PBXBuildFile; fileRef = 776D8FA275F54E01924C8994 /* itc-avant-garde-gothic-std-bold-condensed-5895705e8fe31.otf */; };
		EABA407D96B84AD29DA84346 /* MaterialCommunityIcons.ttf in Resources */ = {isa = PBXBuildFile; fileRef = 54214CCB7A0D408EB5BA94D5 /* MaterialCommunityIcons.ttf */; };
		F020B7E30D9141FB95842ED0 /* itc-avant-garde-gothic-std-medium-condensed-5895720edc668.otf in Resources */ = {isa = PBXBuildFile; fileRef = 5EBD05D62BE149FCBD222FFB /* itc-avant-garde-gothic-std-medium-condensed-5895720edc668.otf */; };
		F583A343A99648C2B4C138E3 /* Octicons.ttf in Resources */ = {isa = PBXBuildFile; fileRef = 609E205844944F31A6498E9C /* Octicons.ttf */; };
		F723C6223DBF48F5B836B88C /* itc-avant-garde-gothic-std-demi-condensed-589571f095e47.otf in Resources */ = {isa = PBXBuildFile; fileRef = 8FBE317FF4D1433CBC29AB40 /* itc-avant-garde-gothic-std-demi-condensed-589571f095e47.otf */; };
/* End PBXBuildFile section */

/* Begin PBXContainerItemProxy section */
		00E356F41AD99517003FC87E /* PBXContainerItemProxy */ = {
			isa = PBXContainerItemProxy;
			containerPortal = 83CBB9F71A601CBA00E9B192 /* Project object */;
			proxyType = 1;
			remoteGlobalIDString = 13B07F861A680F5B00A75B9A;
			remoteInfo = jetX;
		};
		2D02E4911E0B4A5D006451C7 /* PBXContainerItemProxy */ = {
			isa = PBXContainerItemProxy;
			containerPortal = 83CBB9F71A601CBA00E9B192 /* Project object */;
			proxyType = 1;
			remoteGlobalIDString = 2D02E47A1E0B4A5D006451C7;
			remoteInfo = "jetX-tvOS";
		};
/* End PBXContainerItemProxy section */

/* Begin PBXFileReference section */
		008F07F21AC5B25A0029DE68 /* main.jsbundle */ = {isa = PBXFileReference; fileEncoding = 4; lastKnownFileType = text; path = main.jsbundle; sourceTree = "<group>"; };
		00E356EE1AD99517003FC87E /* jetXTests.xctest */ = {isa = PBXFileReference; explicitFileType = wrapper.cfbundle; includeInIndex = 0; path = jetXTests.xctest; sourceTree = BUILT_PRODUCTS_DIR; };
		00E356F11AD99517003FC87E /* Info.plist */ = {isa = PBXFileReference; lastKnownFileType = text.plist.xml; path = Info.plist; sourceTree = "<group>"; };
		00E356F21AD99517003FC87E /* jetXTests.m */ = {isa = PBXFileReference; lastKnownFileType = sourcecode.c.objc; path = jetXTests.m; sourceTree = "<group>"; };
		0D8016E1BA2079403761EBB8 /* libPods-jetX.a */ = {isa = PBXFileReference; explicitFileType = archive.ar; includeInIndex = 0; path = "libPods-jetX.a"; sourceTree = BUILT_PRODUCTS_DIR; };
		13B07F961A680F5B00A75B9A /* jetX.app */ = {isa = PBXFileReference; explicitFileType = wrapper.application; includeInIndex = 0; path = jetX.app; sourceTree = BUILT_PRODUCTS_DIR; };
		13B07FAF1A68108700A75B9A /* AppDelegate.h */ = {isa = PBXFileReference; fileEncoding = 4; lastKnownFileType = sourcecode.c.h; name = AppDelegate.h; path = jetX/AppDelegate.h; sourceTree = "<group>"; };
		13B07FB01A68108700A75B9A /* AppDelegate.m */ = {isa = PBXFileReference; fileEncoding = 4; lastKnownFileType = sourcecode.c.objc; name = AppDelegate.m; path = jetX/AppDelegate.m; sourceTree = "<group>"; };
		13B07FB21A68108700A75B9A /* Base */ = {isa = PBXFileReference; lastKnownFileType = file.xib; name = Base; path = Base.lproj/LaunchScreen.xib; sourceTree = "<group>"; };
		13B07FB51A68108700A75B9A /* Images.xcassets */ = {isa = PBXFileReference; lastKnownFileType = folder.assetcatalog; name = Images.xcassets; path = jetX/Images.xcassets; sourceTree = "<group>"; };
		13B07FB61A68108700A75B9A /* Info.plist */ = {isa = PBXFileReference; fileEncoding = 4; lastKnownFileType = text.plist.xml; name = Info.plist; path = jetX/Info.plist; sourceTree = "<group>"; };
		13B07FB71A68108700A75B9A /* main.m */ = {isa = PBXFileReference; fileEncoding = 4; lastKnownFileType = sourcecode.c.objc; name = main.m; path = jetX/main.m; sourceTree = "<group>"; };
		14B2022040AB4E3CA48CEF85 /* Fontisto.ttf */ = {isa = PBXFileReference; explicitFileType = undefined; fileEncoding = undefined; includeInIndex = 0; lastKnownFileType = unknown; name = Fontisto.ttf; path = "../node_modules/react-native-vector-icons/Fonts/Fontisto.ttf"; sourceTree = "<group>"; };
		17F5D5FBA9294B41A18C79B9 /* FontAwesome5_Solid.ttf */ = {isa = PBXFileReference; explicitFileType = undefined; fileEncoding = undefined; includeInIndex = 0; lastKnownFileType = unknown; name = FontAwesome5_Solid.ttf; path = "../node_modules/react-native-vector-icons/Fonts/FontAwesome5_Solid.ttf"; sourceTree = "<group>"; };
		1A72BC59FC844B438552212B /* itc-avant-garde-gothic-std-bold-oblique-589573024abd6.otf */ = {isa = PBXFileReference; explicitFileType = undefined; fileEncoding = undefined; includeInIndex = 0; lastKnownFileType = unknown; name = "itc-avant-garde-gothic-std-bold-oblique-589573024abd6.otf"; path = "../src/assets/Fonts/itc-avant-garde-gothic-std-bold-oblique-589573024abd6.otf"; sourceTree = "<group>"; };
		1C941C354F734A37A1E282A8 /* EvilIcons.ttf */ = {isa = PBXFileReference; explicitFileType = undefined; fileEncoding = undefined; includeInIndex = 0; lastKnownFileType = unknown; name = EvilIcons.ttf; path = "../node_modules/react-native-vector-icons/Fonts/EvilIcons.ttf"; sourceTree = "<group>"; };
		219EEB72BD094187EE42C2EA /* Pods-jetXTests.debug.xcconfig */ = {isa = PBXFileReference; includeInIndex = 1; lastKnownFileType = text.xcconfig; name = "Pods-jetXTests.debug.xcconfig"; path = "Target Support Files/Pods-jetXTests/Pods-jetXTests.debug.xcconfig"; sourceTree = "<group>"; };
		229046BF1DC27F33EA4B405F /* Pods-jetX-tvOSTests.release.xcconfig */ = {isa = PBXFileReference; includeInIndex = 1; lastKnownFileType = text.xcconfig; name = "Pods-jetX-tvOSTests.release.xcconfig"; path = "Target Support Files/Pods-jetX-tvOSTests/Pods-jetX-tvOSTests.release.xcconfig"; sourceTree = "<group>"; };
		2D02E47B1E0B4A5D006451C7 /* jetX-tvOS.app */ = {isa = PBXFileReference; explicitFileType = wrapper.application; includeInIndex = 0; path = "jetX-tvOS.app"; sourceTree = BUILT_PRODUCTS_DIR; };
		2D02E4901E0B4A5D006451C7 /* jetX-tvOSTests.xctest */ = {isa = PBXFileReference; explicitFileType = wrapper.cfbundle; includeInIndex = 0; path = "jetX-tvOSTests.xctest"; sourceTree = BUILT_PRODUCTS_DIR; };
		34A7DB829D40DC0BA7BE304F /* Pods-jetX.release.xcconfig */ = {isa = PBXFileReference; includeInIndex = 1; lastKnownFileType = text.xcconfig; name = "Pods-jetX.release.xcconfig"; path = "Target Support Files/Pods-jetX/Pods-jetX.release.xcconfig"; sourceTree = "<group>"; };
		35CB0C466F054165BD01CBD8 /* itc-avant-garde-gothic-std-book-oblique-589571c924212.otf */ = {isa = PBXFileReference; explicitFileType = undefined; fileEncoding = undefined; includeInIndex = 0; lastKnownFileType = unknown; name = "itc-avant-garde-gothic-std-book-oblique-589571c924212.otf"; path = "../src/assets/Fonts/itc-avant-garde-gothic-std-book-oblique-589571c924212.otf"; sourceTree = "<group>"; };
		419EA96421AC4EBB8D12DAD7 /* SimpleLineIcons.ttf */ = {isa = PBXFileReference; explicitFileType = undefined; fileEncoding = undefined; includeInIndex = 0; lastKnownFileType = unknown; name = SimpleLineIcons.ttf; path = "../node_modules/react-native-vector-icons/Fonts/SimpleLineIcons.ttf"; sourceTree = "<group>"; };
		53BBC591EB2740FDBDE7D660 /* ITCAvantGardePro-Md.ttf */ = {isa = PBXFileReference; explicitFileType = undefined; fileEncoding = undefined; includeInIndex = 0; lastKnownFileType = unknown; name = "ITCAvantGardePro-Md.ttf"; path = "../src/assets/Fonts/ITCAvantGardePro-Md.ttf"; sourceTree = "<group>"; };
		54214CCB7A0D408EB5BA94D5 /* MaterialCommunityIcons.ttf */ = {isa = PBXFileReference; explicitFileType = undefined; fileEncoding = undefined; includeInIndex = 0; lastKnownFileType = unknown; name = MaterialCommunityIcons.ttf; path = "../node_modules/react-native-vector-icons/Fonts/MaterialCommunityIcons.ttf"; sourceTree = "<group>"; };
		5651A6B47B004900B6278203 /* Entypo.ttf */ = {isa = PBXFileReference; explicitFileType = undefined; fileEncoding = undefined; includeInIndex = 0; lastKnownFileType = unknown; name = Entypo.ttf; path = "../node_modules/react-native-vector-icons/Fonts/Entypo.ttf"; sourceTree = "<group>"; };
		57470CA794FC48A7BBFD5435 /* Foundation.ttf */ = {isa = PBXFileReference; explicitFileType = undefined; fileEncoding = undefined; includeInIndex = 0; lastKnownFileType = unknown; name = Foundation.ttf; path = "../node_modules/react-native-vector-icons/Fonts/Foundation.ttf"; sourceTree = "<group>"; };
		5EBD05D62BE149FCBD222FFB /* itc-avant-garde-gothic-std-medium-condensed-5895720edc668.otf */ = {isa = PBXFileReference; explicitFileType = undefined; fileEncoding = undefined; includeInIndex = 0; lastKnownFileType = unknown; name = "itc-avant-garde-gothic-std-medium-condensed-5895720edc668.otf"; path = "../src/assets/Fonts/itc-avant-garde-gothic-std-medium-condensed-5895720edc668.otf"; sourceTree = "<group>"; };
		609E205844944F31A6498E9C /* Octicons.ttf */ = {isa = PBXFileReference; explicitFileType = undefined; fileEncoding = undefined; includeInIndex = 0; lastKnownFileType = unknown; name = Octicons.ttf; path = "../node_modules/react-native-vector-icons/Fonts/Octicons.ttf"; sourceTree = "<group>"; };
		629DBB34459B49ABAE342BE0 /* AntDesign.ttf */ = {isa = PBXFileReference; explicitFileType = undefined; fileEncoding = undefined; includeInIndex = 0; lastKnownFileType = unknown; name = AntDesign.ttf; path = "../node_modules/react-native-vector-icons/Fonts/AntDesign.ttf"; sourceTree = "<group>"; };
		644B2E9E6340418FAED1F8D7 /* itc-avant-garde-gothic-std-demi-589572a199962.otf */ = {isa = PBXFileReference; explicitFileType = undefined; fileEncoding = undefined; includeInIndex = 0; lastKnownFileType = unknown; name = "itc-avant-garde-gothic-std-demi-589572a199962.otf"; path = "../src/assets/Fonts/itc-avant-garde-gothic-std-demi-589572a199962.otf"; sourceTree = "<group>"; };
		776D8FA275F54E01924C8994 /* itc-avant-garde-gothic-std-bold-condensed-5895705e8fe31.otf */ = {isa = PBXFileReference; explicitFileType = undefined; fileEncoding = undefined; includeInIndex = 0; lastKnownFileType = unknown; name = "itc-avant-garde-gothic-std-bold-condensed-5895705e8fe31.otf"; path = "../src/assets/Fonts/itc-avant-garde-gothic-std-bold-condensed-5895705e8fe31.otf"; sourceTree = "<group>"; };
		7A2FA6DABF874BF38F7A9254 /* Zocial.ttf */ = {isa = PBXFileReference; explicitFileType = undefined; fileEncoding = undefined; includeInIndex = 0; lastKnownFileType = unknown; name = Zocial.ttf; path = "../node_modules/react-native-vector-icons/Fonts/Zocial.ttf"; sourceTree = "<group>"; };
		7B8BCC301167E515B7831319 /* libPods-jetX-tvOS.a */ = {isa = PBXFileReference; explicitFileType = archive.ar; includeInIndex = 0; path = "libPods-jetX-tvOS.a"; sourceTree = BUILT_PRODUCTS_DIR; };
		83625AA17FBAA39A5D53DD9A /* Pods-jetX-tvOS.release.xcconfig */ = {isa = PBXFileReference; includeInIndex = 1; lastKnownFileType = text.xcconfig; name = "Pods-jetX-tvOS.release.xcconfig"; path = "Target Support Files/Pods-jetX-tvOS/Pods-jetX-tvOS.release.xcconfig"; sourceTree = "<group>"; };
		890D7738B68A464489BAA2CF /* MaterialIcons.ttf */ = {isa = PBXFileReference; explicitFileType = undefined; fileEncoding = undefined; includeInIndex = 0; lastKnownFileType = unknown; name = MaterialIcons.ttf; path = "../node_modules/react-native-vector-icons/Fonts/MaterialIcons.ttf"; sourceTree = "<group>"; };
		8FBE317FF4D1433CBC29AB40 /* itc-avant-garde-gothic-std-demi-condensed-589571f095e47.otf */ = {isa = PBXFileReference; explicitFileType = undefined; fileEncoding = undefined; includeInIndex = 0; lastKnownFileType = unknown; name = "itc-avant-garde-gothic-std-demi-condensed-589571f095e47.otf"; path = "../src/assets/Fonts/itc-avant-garde-gothic-std-demi-condensed-589571f095e47.otf"; sourceTree = "<group>"; };
		92C37C831DF8424097BCAC5F /* ITCAvantGardePro-Bk.ttf */ = {isa = PBXFileReference; explicitFileType = undefined; fileEncoding = undefined; includeInIndex = 0; lastKnownFileType = unknown; name = "ITCAvantGardePro-Bk.ttf"; path = "../src/assets/Fonts/ITCAvantGardePro-Bk.ttf"; sourceTree = "<group>"; };
		94C771D9920A4FA4925C0909 /* itc-avant-garde-gothic-std-demi-condensed-oblique-5895723d52f87.otf */ = {isa = PBXFileReference; explicitFileType = undefined; fileEncoding = undefined; includeInIndex = 0; lastKnownFileType = unknown; name = "itc-avant-garde-gothic-std-demi-condensed-oblique-5895723d52f87.otf"; path = "../src/assets/Fonts/itc-avant-garde-gothic-std-demi-condensed-oblique-5895723d52f87.otf"; sourceTree = "<group>"; };
		9A37BFEDA33A40F3A28D540C /* itc-avant-garde-gothic-std-extra-light-5895708744eb6.otf */ = {isa = PBXFileReference; explicitFileType = undefined; fileEncoding = undefined; includeInIndex = 0; lastKnownFileType = unknown; name = "itc-avant-garde-gothic-std-extra-light-5895708744eb6.otf"; path = "../src/assets/Fonts/itc-avant-garde-gothic-std-extra-light-5895708744eb6.otf"; sourceTree = "<group>"; };
		9D3824C0E459402DB95B86DF /* itc-avant-garde-gothic-std-book-condensed-5895704105b51.otf */ = {isa = PBXFileReference; explicitFileType = undefined; fileEncoding = undefined; includeInIndex = 0; lastKnownFileType = unknown; name = "itc-avant-garde-gothic-std-book-condensed-5895704105b51.otf"; path = "../src/assets/Fonts/itc-avant-garde-gothic-std-book-condensed-5895704105b51.otf"; sourceTree = "<group>"; };
		9FA85BE90EC24D16B5C182F4 /* FontAwesome5_Brands.ttf */ = {isa = PBXFileReference; explicitFileType = undefined; fileEncoding = undefined; includeInIndex = 0; lastKnownFileType = unknown; name = FontAwesome5_Brands.ttf; path = "../node_modules/react-native-vector-icons/Fonts/FontAwesome5_Brands.ttf"; sourceTree = "<group>"; };
		A519B31176134A2AA63FB8BD /* Ionicons.ttf */ = {isa = PBXFileReference; explicitFileType = undefined; fileEncoding = undefined; includeInIndex = 0; lastKnownFileType = unknown; name = Ionicons.ttf; path = "../node_modules/react-native-vector-icons/Fonts/Ionicons.ttf"; sourceTree = "<group>"; };
		A66BF8F60A062FCDE31E3915 /* Pods-jetX.debug.xcconfig */ = {isa = PBXFileReference; includeInIndex = 1; lastKnownFileType = text.xcconfig; name = "Pods-jetX.debug.xcconfig"; path = "Target Support Files/Pods-jetX/Pods-jetX.debug.xcconfig"; sourceTree = "<group>"; };
		A6F1F54F91E84858B67A6B7B /* Feather.ttf */ = {isa = PBXFileReference; explicitFileType = undefined; fileEncoding = undefined; includeInIndex = 0; lastKnownFileType = unknown; name = Feather.ttf; path = "../node_modules/react-native-vector-icons/Fonts/Feather.ttf"; sourceTree = "<group>"; };
		A7093C0E76C8AB40E5E44384 /* Pods-jetXTests.release.xcconfig */ = {isa = PBXFileReference; includeInIndex = 1; lastKnownFileType = text.xcconfig; name = "Pods-jetXTests.release.xcconfig"; path = "Target Support Files/Pods-jetXTests/Pods-jetXTests.release.xcconfig"; sourceTree = "<group>"; };
		A88D073B4EAA4F9A9ABA7B96 /* itc-avant-garde-gothic-std-extra-light-condensed-589570b606f66.otf */ = {isa = PBXFileReference; explicitFileType = undefined; fileEncoding = undefined; includeInIndex = 0; lastKnownFileType = unknown; name = "itc-avant-garde-gothic-std-extra-light-condensed-589570b606f66.otf"; path = "../src/assets/Fonts/itc-avant-garde-gothic-std-extra-light-condensed-589570b606f66.otf"; sourceTree = "<group>"; };
		ABBDBD2AD55E4101819F19F6 /* itc-avant-garde-gothic-std-bold-589572c7e9955.otf */ = {isa = PBXFileReference; explicitFileType = undefined; fileEncoding = undefined; includeInIndex = 0; lastKnownFileType = unknown; name = "itc-avant-garde-gothic-std-bold-589572c7e9955.otf"; path = "../src/assets/Fonts/itc-avant-garde-gothic-std-bold-589572c7e9955.otf"; sourceTree = "<group>"; };
		B5456DCB7F6E489D9DD097F9 /* FontAwesome5_Regular.ttf */ = {isa = PBXFileReference; explicitFileType = undefined; fileEncoding = undefined; includeInIndex = 0; lastKnownFileType = unknown; name = FontAwesome5_Regular.ttf; path = "../node_modules/react-native-vector-icons/Fonts/FontAwesome5_Regular.ttf"; sourceTree = "<group>"; };
		BE209A0027EB436C8CB4205F /* itc-avant-garde-gothic-std-book-58957161d80eb.otf */ = {isa = PBXFileReference; explicitFileType = undefined; fileEncoding = undefined; includeInIndex = 0; lastKnownFileType = unknown; name = "itc-avant-garde-gothic-std-book-58957161d80eb.otf"; path = "../src/assets/Fonts/itc-avant-garde-gothic-std-book-58957161d80eb.otf"; sourceTree = "<group>"; };
		CB0A3012B84040CD97A56F21 /* FontAwesome.ttf */ = {isa = PBXFileReference; explicitFileType = undefined; fileEncoding = undefined; includeInIndex = 0; lastKnownFileType = unknown; name = FontAwesome.ttf; path = "../node_modules/react-native-vector-icons/Fonts/FontAwesome.ttf"; sourceTree = "<group>"; };
		D858E281AEA44C949F2E5B88 /* itc-avant-garde-gothic-std-extra-light-oblique-5895712c301f0.otf */ = {isa = PBXFileReference; explicitFileType = undefined; fileEncoding = undefined; includeInIndex = 0; lastKnownFileType = unknown; name = "itc-avant-garde-gothic-std-extra-light-oblique-5895712c301f0.otf"; path = "../src/assets/Fonts/itc-avant-garde-gothic-std-extra-light-oblique-5895712c301f0.otf"; sourceTree = "<group>"; };
		D8E16159E3A45B2E2BC05727 /* Pods-jetX-tvOSTests.debug.xcconfig */ = {isa = PBXFileReference; includeInIndex = 1; lastKnownFileType = text.xcconfig; name = "Pods-jetX-tvOSTests.debug.xcconfig"; path = "Target Support Files/Pods-jetX-tvOSTests/Pods-jetX-tvOSTests.debug.xcconfig"; sourceTree = "<group>"; };
		D964E8400F36426FB14251CA /* libPods-jetX-tvOSTests.a */ = {isa = PBXFileReference; explicitFileType = archive.ar; includeInIndex = 0; path = "libPods-jetX-tvOSTests.a"; sourceTree = BUILT_PRODUCTS_DIR; };
		DDC5C848F4C2BFCA10738B53 /* libPods-jetXTests.a */ = {isa = PBXFileReference; explicitFileType = archive.ar; includeInIndex = 0; path = "libPods-jetXTests.a"; sourceTree = BUILT_PRODUCTS_DIR; };
		ED297162215061F000B7C4FE /* JavaScriptCore.framework */ = {isa = PBXFileReference; lastKnownFileType = wrapper.framework; name = JavaScriptCore.framework; path = System/Library/Frameworks/JavaScriptCore.framework; sourceTree = SDKROOT; };
		ED2971642150620600B7C4FE /* JavaScriptCore.framework */ = {isa = PBXFileReference; lastKnownFileType = wrapper.framework; name = JavaScriptCore.framework; path = Platforms/AppleTVOS.platform/Developer/SDKs/AppleTVOS12.0.sdk/System/Library/Frameworks/JavaScriptCore.framework; sourceTree = DEVELOPER_DIR; };
		F00475BF993C4BD8B8A857A1 /* itc-avant-garde-gothic-std-bold-condensed-oblique-5895710fb8537.otf */ = {isa = PBXFileReference; explicitFileType = undefined; fileEncoding = undefined; includeInIndex = 0; lastKnownFileType = unknown; name = "itc-avant-garde-gothic-std-bold-condensed-oblique-5895710fb8537.otf"; path = "../src/assets/Fonts/itc-avant-garde-gothic-std-bold-condensed-oblique-5895710fb8537.otf"; sourceTree = "<group>"; };
		F0BB355AA07243EFAB610697 /* itc-avant-garde-gothic-std-book-condensed-oblique-589570ed92a2c.otf */ = {isa = PBXFileReference; explicitFileType = undefined; fileEncoding = undefined; includeInIndex = 0; lastKnownFileType = unknown; name = "itc-avant-garde-gothic-std-book-condensed-oblique-589570ed92a2c.otf"; path = "../src/assets/Fonts/itc-avant-garde-gothic-std-book-condensed-oblique-589570ed92a2c.otf"; sourceTree = "<group>"; };
		FD761C374A4721DE0D2D1C1F /* Pods-jetX-tvOS.debug.xcconfig */ = {isa = PBXFileReference; includeInIndex = 1; lastKnownFileType = text.xcconfig; name = "Pods-jetX-tvOS.debug.xcconfig"; path = "Target Support Files/Pods-jetX-tvOS/Pods-jetX-tvOS.debug.xcconfig"; sourceTree = "<group>"; };
/* End PBXFileReference section */

/* Begin PBXFrameworksBuildPhase section */
		00E356EB1AD99517003FC87E /* Frameworks */ = {
			isa = PBXFrameworksBuildPhase;
			buildActionMask = 2147483647;
			files = (
				391038035CA3FC734AA50EB7 /* libPods-jetXTests.a in Frameworks */,
			);
			runOnlyForDeploymentPostprocessing = 0;
		};
		13B07F8C1A680F5B00A75B9A /* Frameworks */ = {
			isa = PBXFrameworksBuildPhase;
			buildActionMask = 2147483647;
			files = (
				65FC247ECCF85551DBC24046 /* libPods-jetX.a in Frameworks */,
			);
			runOnlyForDeploymentPostprocessing = 0;
		};
		2D02E4781E0B4A5D006451C7 /* Frameworks */ = {
			isa = PBXFrameworksBuildPhase;
			buildActionMask = 2147483647;
			files = (
				BB383737C443BAD3819E7697 /* libPods-jetX-tvOS.a in Frameworks */,
			);
			runOnlyForDeploymentPostprocessing = 0;
		};
		2D02E48D1E0B4A5D006451C7 /* Frameworks */ = {
			isa = PBXFrameworksBuildPhase;
			buildActionMask = 2147483647;
			files = (
				93788C3CC8DE1DBC6491DDB2 /* libPods-jetX-tvOSTests.a in Frameworks */,
			);
			runOnlyForDeploymentPostprocessing = 0;
		};
/* End PBXFrameworksBuildPhase section */

/* Begin PBXGroup section */
		00E356EF1AD99517003FC87E /* jetXTests */ = {
			isa = PBXGroup;
			children = (
				00E356F21AD99517003FC87E /* jetXTests.m */,
				00E356F01AD99517003FC87E /* Supporting Files */,
			);
			path = jetXTests;
			sourceTree = "<group>";
		};
		00E356F01AD99517003FC87E /* Supporting Files */ = {
			isa = PBXGroup;
			children = (
				00E356F11AD99517003FC87E /* Info.plist */,
			);
			name = "Supporting Files";
			sourceTree = "<group>";
		};
		13B07FAE1A68108700A75B9A /* jetX */ = {
			isa = PBXGroup;
			children = (
				008F07F21AC5B25A0029DE68 /* main.jsbundle */,
				13B07FAF1A68108700A75B9A /* AppDelegate.h */,
				13B07FB01A68108700A75B9A /* AppDelegate.m */,
				13B07FB51A68108700A75B9A /* Images.xcassets */,
				13B07FB61A68108700A75B9A /* Info.plist */,
				13B07FB11A68108700A75B9A /* LaunchScreen.xib */,
				13B07FB71A68108700A75B9A /* main.m */,
			);
			name = jetX;
			sourceTree = "<group>";
		};
		2D16E6871FA4F8E400B85C8A /* Frameworks */ = {
			isa = PBXGroup;
			children = (
				ED297162215061F000B7C4FE /* JavaScriptCore.framework */,
				ED2971642150620600B7C4FE /* JavaScriptCore.framework */,
				0D8016E1BA2079403761EBB8 /* libPods-jetX.a */,
				7B8BCC301167E515B7831319 /* libPods-jetX-tvOS.a */,
				D964E8400F36426FB14251CA /* libPods-jetX-tvOSTests.a */,
				DDC5C848F4C2BFCA10738B53 /* libPods-jetXTests.a */,
			);
			name = Frameworks;
			sourceTree = "<group>";
		};
		832341AE1AAA6A7D00B99B32 /* Libraries */ = {
			isa = PBXGroup;
			children = (
			);
			name = Libraries;
			sourceTree = "<group>";
		};
		83CBB9F61A601CBA00E9B192 = {
			isa = PBXGroup;
			children = (
				13B07FAE1A68108700A75B9A /* jetX */,
				832341AE1AAA6A7D00B99B32 /* Libraries */,
				00E356EF1AD99517003FC87E /* jetXTests */,
				83CBBA001A601CBA00E9B192 /* Products */,
				2D16E6871FA4F8E400B85C8A /* Frameworks */,
				A951A1318D44EA4709F41764 /* Pods */,
				B82BEED9701F4032BF38B417 /* Resources */,
			);
			indentWidth = 2;
			sourceTree = "<group>";
			tabWidth = 2;
			usesTabs = 0;
		};
		83CBBA001A601CBA00E9B192 /* Products */ = {
			isa = PBXGroup;
			children = (
				13B07F961A680F5B00A75B9A /* jetX.app */,
				00E356EE1AD99517003FC87E /* jetXTests.xctest */,
				2D02E47B1E0B4A5D006451C7 /* jetX-tvOS.app */,
				2D02E4901E0B4A5D006451C7 /* jetX-tvOSTests.xctest */,
			);
			name = Products;
			sourceTree = "<group>";
		};
		A951A1318D44EA4709F41764 /* Pods */ = {
			isa = PBXGroup;
			children = (
				A66BF8F60A062FCDE31E3915 /* Pods-jetX.debug.xcconfig */,
				34A7DB829D40DC0BA7BE304F /* Pods-jetX.release.xcconfig */,
				FD761C374A4721DE0D2D1C1F /* Pods-jetX-tvOS.debug.xcconfig */,
				83625AA17FBAA39A5D53DD9A /* Pods-jetX-tvOS.release.xcconfig */,
				D8E16159E3A45B2E2BC05727 /* Pods-jetX-tvOSTests.debug.xcconfig */,
				229046BF1DC27F33EA4B405F /* Pods-jetX-tvOSTests.release.xcconfig */,
				219EEB72BD094187EE42C2EA /* Pods-jetXTests.debug.xcconfig */,
				A7093C0E76C8AB40E5E44384 /* Pods-jetXTests.release.xcconfig */,
			);
			name = Pods;
			path = Pods;
			sourceTree = "<group>";
		};
		B82BEED9701F4032BF38B417 /* Resources */ = {
			isa = PBXGroup;
			children = (
				ABBDBD2AD55E4101819F19F6 /* itc-avant-garde-gothic-std-bold-589572c7e9955.otf */,
				776D8FA275F54E01924C8994 /* itc-avant-garde-gothic-std-bold-condensed-5895705e8fe31.otf */,
				F00475BF993C4BD8B8A857A1 /* itc-avant-garde-gothic-std-bold-condensed-oblique-5895710fb8537.otf */,
				1A72BC59FC844B438552212B /* itc-avant-garde-gothic-std-bold-oblique-589573024abd6.otf */,
				BE209A0027EB436C8CB4205F /* itc-avant-garde-gothic-std-book-58957161d80eb.otf */,
				9D3824C0E459402DB95B86DF /* itc-avant-garde-gothic-std-book-condensed-5895704105b51.otf */,
				F0BB355AA07243EFAB610697 /* itc-avant-garde-gothic-std-book-condensed-oblique-589570ed92a2c.otf */,
				35CB0C466F054165BD01CBD8 /* itc-avant-garde-gothic-std-book-oblique-589571c924212.otf */,
				644B2E9E6340418FAED1F8D7 /* itc-avant-garde-gothic-std-demi-589572a199962.otf */,
				8FBE317FF4D1433CBC29AB40 /* itc-avant-garde-gothic-std-demi-condensed-589571f095e47.otf */,
				94C771D9920A4FA4925C0909 /* itc-avant-garde-gothic-std-demi-condensed-oblique-5895723d52f87.otf */,
				9A37BFEDA33A40F3A28D540C /* itc-avant-garde-gothic-std-extra-light-5895708744eb6.otf */,
				A88D073B4EAA4F9A9ABA7B96 /* itc-avant-garde-gothic-std-extra-light-condensed-589570b606f66.otf */,
				D858E281AEA44C949F2E5B88 /* itc-avant-garde-gothic-std-extra-light-oblique-5895712c301f0.otf */,
				5EBD05D62BE149FCBD222FFB /* itc-avant-garde-gothic-std-medium-condensed-5895720edc668.otf */,
				92C37C831DF8424097BCAC5F /* ITCAvantGardePro-Bk.ttf */,
				53BBC591EB2740FDBDE7D660 /* ITCAvantGardePro-Md.ttf */,
				629DBB34459B49ABAE342BE0 /* AntDesign.ttf */,
				5651A6B47B004900B6278203 /* Entypo.ttf */,
				1C941C354F734A37A1E282A8 /* EvilIcons.ttf */,
				A6F1F54F91E84858B67A6B7B /* Feather.ttf */,
				CB0A3012B84040CD97A56F21 /* FontAwesome.ttf */,
				9FA85BE90EC24D16B5C182F4 /* FontAwesome5_Brands.ttf */,
				B5456DCB7F6E489D9DD097F9 /* FontAwesome5_Regular.ttf */,
				17F5D5FBA9294B41A18C79B9 /* FontAwesome5_Solid.ttf */,
				14B2022040AB4E3CA48CEF85 /* Fontisto.ttf */,
				57470CA794FC48A7BBFD5435 /* Foundation.ttf */,
				A519B31176134A2AA63FB8BD /* Ionicons.ttf */,
				54214CCB7A0D408EB5BA94D5 /* MaterialCommunityIcons.ttf */,
				890D7738B68A464489BAA2CF /* MaterialIcons.ttf */,
				609E205844944F31A6498E9C /* Octicons.ttf */,
				419EA96421AC4EBB8D12DAD7 /* SimpleLineIcons.ttf */,
				7A2FA6DABF874BF38F7A9254 /* Zocial.ttf */,
			);
			name = Resources;
			path = "";
			sourceTree = "<group>";
		};
/* End PBXGroup section */

/* Begin PBXNativeTarget section */
		00E356ED1AD99517003FC87E /* jetXTests */ = {
			isa = PBXNativeTarget;
			buildConfigurationList = 00E357021AD99517003FC87E /* Build configuration list for PBXNativeTarget "jetXTests" */;
			buildPhases = (
				56B5A73CA71C429283131696 /* [CP] Check Pods Manifest.lock */,
				00E356EA1AD99517003FC87E /* Sources */,
				00E356EB1AD99517003FC87E /* Frameworks */,
				00E356EC1AD99517003FC87E /* Resources */,
			);
			buildRules = (
			);
			dependencies = (
				00E356F51AD99517003FC87E /* PBXTargetDependency */,
			);
			name = jetXTests;
			productName = jetXTests;
			productReference = 00E356EE1AD99517003FC87E /* jetXTests.xctest */;
			productType = "com.apple.product-type.bundle.unit-test";
		};
		13B07F861A680F5B00A75B9A /* jetX */ = {
			isa = PBXNativeTarget;
			buildConfigurationList = 13B07F931A680F5B00A75B9A /* Build configuration list for PBXNativeTarget "jetX" */;
			buildPhases = (
				D36ED9351F4271ED38D19C89 /* [CP] Check Pods Manifest.lock */,
				FD10A7F022414F080027D42C /* Start Packager */,
				13B07F871A680F5B00A75B9A /* Sources */,
				13B07F8C1A680F5B00A75B9A /* Frameworks */,
				13B07F8E1A680F5B00A75B9A /* Resources */,
				00DD1BFF1BD5951E006B06BC /* Bundle React Native code and images */,
				FD13C64E3EC9294022267679 /* [CP] Copy Pods Resources */,
			);
			buildRules = (
			);
			dependencies = (
			);
			name = jetX;
			productName = jetX;
			productReference = 13B07F961A680F5B00A75B9A /* jetX.app */;
			productType = "com.apple.product-type.application";
		};
		2D02E47A1E0B4A5D006451C7 /* jetX-tvOS */ = {
			isa = PBXNativeTarget;
			buildConfigurationList = 2D02E4BA1E0B4A5E006451C7 /* Build configuration list for PBXNativeTarget "jetX-tvOS" */;
			buildPhases = (
				414878314F3A6F9D0BDB6EF9 /* [CP] Check Pods Manifest.lock */,
				FD10A7F122414F3F0027D42C /* Start Packager */,
				2D02E4771E0B4A5D006451C7 /* Sources */,
				2D02E4781E0B4A5D006451C7 /* Frameworks */,
				2D02E4791E0B4A5D006451C7 /* Resources */,
				2D02E4CB1E0B4B27006451C7 /* Bundle React Native Code And Images */,
			);
			buildRules = (
			);
			dependencies = (
			);
			name = "jetX-tvOS";
			productName = "jetX-tvOS";
			productReference = 2D02E47B1E0B4A5D006451C7 /* jetX-tvOS.app */;
			productType = "com.apple.product-type.application";
		};
		2D02E48F1E0B4A5D006451C7 /* jetX-tvOSTests */ = {
			isa = PBXNativeTarget;
			buildConfigurationList = 2D02E4BB1E0B4A5E006451C7 /* Build configuration list for PBXNativeTarget "jetX-tvOSTests" */;
			buildPhases = (
				AE5F95607A7DC9B9C06F2DA2 /* [CP] Check Pods Manifest.lock */,
				2D02E48C1E0B4A5D006451C7 /* Sources */,
				2D02E48D1E0B4A5D006451C7 /* Frameworks */,
				2D02E48E1E0B4A5D006451C7 /* Resources */,
			);
			buildRules = (
			);
			dependencies = (
				2D02E4921E0B4A5D006451C7 /* PBXTargetDependency */,
			);
			name = "jetX-tvOSTests";
			productName = "jetX-tvOSTests";
			productReference = 2D02E4901E0B4A5D006451C7 /* jetX-tvOSTests.xctest */;
			productType = "com.apple.product-type.bundle.unit-test";
		};
/* End PBXNativeTarget section */

/* Begin PBXProject section */
		83CBB9F71A601CBA00E9B192 /* Project object */ = {
			isa = PBXProject;
			attributes = {
				LastUpgradeCheck = 940;
				ORGANIZATIONNAME = Facebook;
				TargetAttributes = {
					00E356ED1AD99517003FC87E = {
						CreatedOnToolsVersion = 6.2;
						TestTargetID = 13B07F861A680F5B00A75B9A;
					};
					2D02E47A1E0B4A5D006451C7 = {
						CreatedOnToolsVersion = 8.2.1;
						ProvisioningStyle = Automatic;
					};
					2D02E48F1E0B4A5D006451C7 = {
						CreatedOnToolsVersion = 8.2.1;
						ProvisioningStyle = Automatic;
						TestTargetID = 2D02E47A1E0B4A5D006451C7;
					};
				};
			};
			buildConfigurationList = 83CBB9FA1A601CBA00E9B192 /* Build configuration list for PBXProject "jetX" */;
			compatibilityVersion = "Xcode 3.2";
			developmentRegion = English;
			hasScannedForEncodings = 0;
			knownRegions = (
				en,
				Base,
			);
			mainGroup = 83CBB9F61A601CBA00E9B192;
			productRefGroup = 83CBBA001A601CBA00E9B192 /* Products */;
			projectDirPath = "";
			projectRoot = "";
			targets = (
				13B07F861A680F5B00A75B9A /* jetX */,
				00E356ED1AD99517003FC87E /* jetXTests */,
				2D02E47A1E0B4A5D006451C7 /* jetX-tvOS */,
				2D02E48F1E0B4A5D006451C7 /* jetX-tvOSTests */,
			);
		};
/* End PBXProject section */

/* Begin PBXResourcesBuildPhase section */
		00E356EC1AD99517003FC87E /* Resources */ = {
			isa = PBXResourcesBuildPhase;
			buildActionMask = 2147483647;
			files = (
			);
			runOnlyForDeploymentPostprocessing = 0;
		};
		13B07F8E1A680F5B00A75B9A /* Resources */ = {
			isa = PBXResourcesBuildPhase;
			buildActionMask = 2147483647;
			files = (
				13B07FBF1A68108700A75B9A /* Images.xcassets in Resources */,
				13B07FBD1A68108700A75B9A /* LaunchScreen.xib in Resources */,
				63057B9637D4477695DBB861 /* itc-avant-garde-gothic-std-bold-589572c7e9955.otf in Resources */,
				E7DBB00BE0C540B1AAC6223A /* itc-avant-garde-gothic-std-bold-condensed-5895705e8fe31.otf in Resources */,
				45745DEB2F81427FA5183240 /* itc-avant-garde-gothic-std-bold-condensed-oblique-5895710fb8537.otf in Resources */,
				2D021621BCE041D9BB54D35F /* itc-avant-garde-gothic-std-bold-oblique-589573024abd6.otf in Resources */,
				447A01DB7AC046DC87449847 /* itc-avant-garde-gothic-std-book-58957161d80eb.otf in Resources */,
				D37ACB34185247FEAC5C671C /* itc-avant-garde-gothic-std-book-condensed-5895704105b51.otf in Resources */,
				94DAA177C2A24BCEAEACA6D5 /* itc-avant-garde-gothic-std-book-condensed-oblique-589570ed92a2c.otf in Resources */,
				62D6C04F0EEC4F38B5247A95 /* itc-avant-garde-gothic-std-book-oblique-589571c924212.otf in Resources */,
				5484305352CD414DA14BBE3C /* itc-avant-garde-gothic-std-demi-589572a199962.otf in Resources */,
				F723C6223DBF48F5B836B88C /* itc-avant-garde-gothic-std-demi-condensed-589571f095e47.otf in Resources */,
				58E0BB9B290D4263BE388AB1 /* itc-avant-garde-gothic-std-demi-condensed-oblique-5895723d52f87.otf in Resources */,
				6CABCC45D23349B8B46D16E2 /* itc-avant-garde-gothic-std-extra-light-5895708744eb6.otf in Resources */,
				08510D923ADC43C48AF9BC2F /* itc-avant-garde-gothic-std-extra-light-condensed-589570b606f66.otf in Resources */,
				740EF211052149F8A2974790 /* itc-avant-garde-gothic-std-extra-light-oblique-5895712c301f0.otf in Resources */,
				F020B7E30D9141FB95842ED0 /* itc-avant-garde-gothic-std-medium-condensed-5895720edc668.otf in Resources */,
				D79CA283A358443A92353E80 /* ITCAvantGardePro-Bk.ttf in Resources */,
				A7D6EA82E94342FCBF2F663E /* ITCAvantGardePro-Md.ttf in Resources */,
				2E59508DE197402D8AFAB4AD /* AntDesign.ttf in Resources */,
				13541A7DA03D48CA9F337E77 /* Entypo.ttf in Resources */,
				560B86DFE61D4B21B2F2F2E3 /* EvilIcons.ttf in Resources */,
				DC6C797F211F4352B0EA6D67 /* Feather.ttf in Resources */,
				77710AAADCDD4536B5A5D1F7 /* FontAwesome.ttf in Resources */,
				6E092A802A5D48418F0E1469 /* FontAwesome5_Brands.ttf in Resources */,
				280A6D934E434285BC71EE01 /* FontAwesome5_Regular.ttf in Resources */,
				C807BC6EDC0E46D397F9D72D /* FontAwesome5_Solid.ttf in Resources */,
				5A8707D848274AFA96C22E04 /* Fontisto.ttf in Resources */,
				820B114A2A7C4C07A28565F9 /* Foundation.ttf in Resources */,
				9A31D6B4FD334B1ABA759D58 /* Ionicons.ttf in Resources */,
				EABA407D96B84AD29DA84346 /* MaterialCommunityIcons.ttf in Resources */,
				C91E4D39641948738EB682B3 /* MaterialIcons.ttf in Resources */,
				F583A343A99648C2B4C138E3 /* Octicons.ttf in Resources */,
				10AB21EF7084495A83DB229B /* SimpleLineIcons.ttf in Resources */,
				0B7E5E58A4204AFAA0DB955E /* Zocial.ttf in Resources */,
			);
			runOnlyForDeploymentPostprocessing = 0;
		};
		2D02E4791E0B4A5D006451C7 /* Resources */ = {
			isa = PBXResourcesBuildPhase;
			buildActionMask = 2147483647;
			files = (
				2D02E4BD1E0B4A84006451C7 /* Images.xcassets in Resources */,
			);
			runOnlyForDeploymentPostprocessing = 0;
		};
		2D02E48E1E0B4A5D006451C7 /* Resources */ = {
			isa = PBXResourcesBuildPhase;
			buildActionMask = 2147483647;
			files = (
			);
			runOnlyForDeploymentPostprocessing = 0;
		};
/* End PBXResourcesBuildPhase section */

/* Begin PBXShellScriptBuildPhase section */
		00DD1BFF1BD5951E006B06BC /* Bundle React Native code and images */ = {
			isa = PBXShellScriptBuildPhase;
			buildActionMask = 2147483647;
			files = (
			);
			inputPaths = (
			);
			name = "Bundle React Native code and images";
			outputPaths = (
			);
			runOnlyForDeploymentPostprocessing = 0;
			shellPath = /bin/sh;
			shellScript = "export NODE_BINARY=node\n../node_modules/react-native/scripts/react-native-xcode.sh";
		};
		2D02E4CB1E0B4B27006451C7 /* Bundle React Native Code And Images */ = {
			isa = PBXShellScriptBuildPhase;
			buildActionMask = 2147483647;
			files = (
			);
			inputPaths = (
			);
			name = "Bundle React Native Code And Images";
			outputPaths = (
			);
			runOnlyForDeploymentPostprocessing = 0;
			shellPath = /bin/sh;
			shellScript = "export NODE_BINARY=node\n../node_modules/react-native/scripts/react-native-xcode.sh";
		};
		414878314F3A6F9D0BDB6EF9 /* [CP] Check Pods Manifest.lock */ = {
			isa = PBXShellScriptBuildPhase;
			buildActionMask = 2147483647;
			files = (
			);
			inputFileListPaths = (
			);
			inputPaths = (
				"${PODS_PODFILE_DIR_PATH}/Podfile.lock",
				"${PODS_ROOT}/Manifest.lock",
			);
			name = "[CP] Check Pods Manifest.lock";
			outputFileListPaths = (
			);
			outputPaths = (
				"$(DERIVED_FILE_DIR)/Pods-jetX-tvOS-checkManifestLockResult.txt",
			);
			runOnlyForDeploymentPostprocessing = 0;
			shellPath = /bin/sh;
			shellScript = "diff \"${PODS_PODFILE_DIR_PATH}/Podfile.lock\" \"${PODS_ROOT}/Manifest.lock\" > /dev/null\nif [ $? != 0 ] ; then\n    # print error to STDERR\n    echo \"error: The sandbox is not in sync with the Podfile.lock. Run 'pod install' or update your CocoaPods installation.\" >&2\n    exit 1\nfi\n# This output is used by Xcode 'outputs' to avoid re-running this script phase.\necho \"SUCCESS\" > \"${SCRIPT_OUTPUT_FILE_0}\"\n";
			showEnvVarsInLog = 0;
		};
		56B5A73CA71C429283131696 /* [CP] Check Pods Manifest.lock */ = {
			isa = PBXShellScriptBuildPhase;
			buildActionMask = 2147483647;
			files = (
			);
			inputFileListPaths = (
			);
			inputPaths = (
				"${PODS_PODFILE_DIR_PATH}/Podfile.lock",
				"${PODS_ROOT}/Manifest.lock",
			);
			name = "[CP] Check Pods Manifest.lock";
			outputFileListPaths = (
			);
			outputPaths = (
				"$(DERIVED_FILE_DIR)/Pods-jetXTests-checkManifestLockResult.txt",
			);
			runOnlyForDeploymentPostprocessing = 0;
			shellPath = /bin/sh;
			shellScript = "diff \"${PODS_PODFILE_DIR_PATH}/Podfile.lock\" \"${PODS_ROOT}/Manifest.lock\" > /dev/null\nif [ $? != 0 ] ; then\n    # print error to STDERR\n    echo \"error: The sandbox is not in sync with the Podfile.lock. Run 'pod install' or update your CocoaPods installation.\" >&2\n    exit 1\nfi\n# This output is used by Xcode 'outputs' to avoid re-running this script phase.\necho \"SUCCESS\" > \"${SCRIPT_OUTPUT_FILE_0}\"\n";
			showEnvVarsInLog = 0;
		};
		AE5F95607A7DC9B9C06F2DA2 /* [CP] Check Pods Manifest.lock */ = {
			isa = PBXShellScriptBuildPhase;
			buildActionMask = 2147483647;
			files = (
			);
			inputFileListPaths = (
			);
			inputPaths = (
				"${PODS_PODFILE_DIR_PATH}/Podfile.lock",
				"${PODS_ROOT}/Manifest.lock",
			);
			name = "[CP] Check Pods Manifest.lock";
			outputFileListPaths = (
			);
			outputPaths = (
				"$(DERIVED_FILE_DIR)/Pods-jetX-tvOSTests-checkManifestLockResult.txt",
			);
			runOnlyForDeploymentPostprocessing = 0;
			shellPath = /bin/sh;
			shellScript = "diff \"${PODS_PODFILE_DIR_PATH}/Podfile.lock\" \"${PODS_ROOT}/Manifest.lock\" > /dev/null\nif [ $? != 0 ] ; then\n    # print error to STDERR\n    echo \"error: The sandbox is not in sync with the Podfile.lock. Run 'pod install' or update your CocoaPods installation.\" >&2\n    exit 1\nfi\n# This output is used by Xcode 'outputs' to avoid re-running this script phase.\necho \"SUCCESS\" > \"${SCRIPT_OUTPUT_FILE_0}\"\n";
			showEnvVarsInLog = 0;
		};
		D36ED9351F4271ED38D19C89 /* [CP] Check Pods Manifest.lock */ = {
			isa = PBXShellScriptBuildPhase;
			buildActionMask = 2147483647;
			files = (
			);
			inputFileListPaths = (
			);
			inputPaths = (
				"${PODS_PODFILE_DIR_PATH}/Podfile.lock",
				"${PODS_ROOT}/Manifest.lock",
			);
			name = "[CP] Check Pods Manifest.lock";
			outputFileListPaths = (
			);
			outputPaths = (
				"$(DERIVED_FILE_DIR)/Pods-jetX-checkManifestLockResult.txt",
			);
			runOnlyForDeploymentPostprocessing = 0;
			shellPath = /bin/sh;
			shellScript = "diff \"${PODS_PODFILE_DIR_PATH}/Podfile.lock\" \"${PODS_ROOT}/Manifest.lock\" > /dev/null\nif [ $? != 0 ] ; then\n    # print error to STDERR\n    echo \"error: The sandbox is not in sync with the Podfile.lock. Run 'pod install' or update your CocoaPods installation.\" >&2\n    exit 1\nfi\n# This output is used by Xcode 'outputs' to avoid re-running this script phase.\necho \"SUCCESS\" > \"${SCRIPT_OUTPUT_FILE_0}\"\n";
			showEnvVarsInLog = 0;
		};
		FD10A7F022414F080027D42C /* Start Packager */ = {
			isa = PBXShellScriptBuildPhase;
			buildActionMask = 2147483647;
			files = (
			);
			inputFileListPaths = (
			);
			inputPaths = (
			);
			name = "Start Packager";
			outputFileListPaths = (
			);
			outputPaths = (
			);
			runOnlyForDeploymentPostprocessing = 0;
			shellPath = /bin/sh;
			shellScript = "export RCT_METRO_PORT=\"${RCT_METRO_PORT:=8081}\"\necho \"export RCT_METRO_PORT=${RCT_METRO_PORT}\" > \"${SRCROOT}/../node_modules/react-native/scripts/.packager.env\"\nif [ -z \"${RCT_NO_LAUNCH_PACKAGER+xxx}\" ] ; then\n  if nc -w 5 -z localhost ${RCT_METRO_PORT} ; then\n    if ! curl -s \"http://localhost:${RCT_METRO_PORT}/status\" | grep -q \"packager-status:running\" ; then\n      echo \"Port ${RCT_METRO_PORT} already in use, packager is either not running or not running correctly\"\n      exit 2\n    fi\n  else\n    open \"$SRCROOT/../node_modules/react-native/scripts/launchPackager.command\" || echo \"Can't start packager automatically\"\n  fi\nfi\n";
			showEnvVarsInLog = 0;
		};
		FD10A7F122414F3F0027D42C /* Start Packager */ = {
			isa = PBXShellScriptBuildPhase;
			buildActionMask = 2147483647;
			files = (
			);
			inputFileListPaths = (
			);
			inputPaths = (
			);
			name = "Start Packager";
			outputFileListPaths = (
			);
			outputPaths = (
			);
			runOnlyForDeploymentPostprocessing = 0;
			shellPath = /bin/sh;
			shellScript = "export RCT_METRO_PORT=\"${RCT_METRO_PORT:=8081}\"\necho \"export RCT_METRO_PORT=${RCT_METRO_PORT}\" > \"${SRCROOT}/../node_modules/react-native/scripts/.packager.env\"\nif [ -z \"${RCT_NO_LAUNCH_PACKAGER+xxx}\" ] ; then\n  if nc -w 5 -z localhost ${RCT_METRO_PORT} ; then\n    if ! curl -s \"http://localhost:${RCT_METRO_PORT}/status\" | grep -q \"packager-status:running\" ; then\n      echo \"Port ${RCT_METRO_PORT} already in use, packager is either not running or not running correctly\"\n      exit 2\n    fi\n  else\n    open \"$SRCROOT/../node_modules/react-native/scripts/launchPackager.command\" || echo \"Can't start packager automatically\"\n  fi\nfi\n";
			showEnvVarsInLog = 0;
		};
		FD13C64E3EC9294022267679 /* [CP] Copy Pods Resources */ = {
			isa = PBXShellScriptBuildPhase;
			buildActionMask = 2147483647;
			files = (
			);
			inputPaths = (
				"${PODS_ROOT}/Target Support Files/Pods-jetX/Pods-jetX-resources.sh",
				"${PODS_ROOT}/../../node_modules/react-native-vector-icons/Fonts/AntDesign.ttf",
				"${PODS_ROOT}/../../node_modules/react-native-vector-icons/Fonts/Entypo.ttf",
				"${PODS_ROOT}/../../node_modules/react-native-vector-icons/Fonts/EvilIcons.ttf",
				"${PODS_ROOT}/../../node_modules/react-native-vector-icons/Fonts/Feather.ttf",
				"${PODS_ROOT}/../../node_modules/react-native-vector-icons/Fonts/FontAwesome.ttf",
				"${PODS_ROOT}/../../node_modules/react-native-vector-icons/Fonts/FontAwesome5_Brands.ttf",
				"${PODS_ROOT}/../../node_modules/react-native-vector-icons/Fonts/FontAwesome5_Regular.ttf",
				"${PODS_ROOT}/../../node_modules/react-native-vector-icons/Fonts/FontAwesome5_Solid.ttf",
				"${PODS_ROOT}/../../node_modules/react-native-vector-icons/Fonts/Fontisto.ttf",
				"${PODS_ROOT}/../../node_modules/react-native-vector-icons/Fonts/Foundation.ttf",
				"${PODS_ROOT}/../../node_modules/react-native-vector-icons/Fonts/Ionicons.ttf",
				"${PODS_ROOT}/../../node_modules/react-native-vector-icons/Fonts/MaterialCommunityIcons.ttf",
				"${PODS_ROOT}/../../node_modules/react-native-vector-icons/Fonts/MaterialIcons.ttf",
				"${PODS_ROOT}/../../node_modules/react-native-vector-icons/Fonts/Octicons.ttf",
				"${PODS_ROOT}/../../node_modules/react-native-vector-icons/Fonts/SimpleLineIcons.ttf",
				"${PODS_ROOT}/../../node_modules/react-native-vector-icons/Fonts/Zocial.ttf",
			);
			name = "[CP] Copy Pods Resources";
			outputPaths = (
				"${TARGET_BUILD_DIR}/${UNLOCALIZED_RESOURCES_FOLDER_PATH}/AntDesign.ttf",
				"${TARGET_BUILD_DIR}/${UNLOCALIZED_RESOURCES_FOLDER_PATH}/Entypo.ttf",
				"${TARGET_BUILD_DIR}/${UNLOCALIZED_RESOURCES_FOLDER_PATH}/EvilIcons.ttf",
				"${TARGET_BUILD_DIR}/${UNLOCALIZED_RESOURCES_FOLDER_PATH}/Feather.ttf",
				"${TARGET_BUILD_DIR}/${UNLOCALIZED_RESOURCES_FOLDER_PATH}/FontAwesome.ttf",
				"${TARGET_BUILD_DIR}/${UNLOCALIZED_RESOURCES_FOLDER_PATH}/FontAwesome5_Brands.ttf",
				"${TARGET_BUILD_DIR}/${UNLOCALIZED_RESOURCES_FOLDER_PATH}/FontAwesome5_Regular.ttf",
				"${TARGET_BUILD_DIR}/${UNLOCALIZED_RESOURCES_FOLDER_PATH}/FontAwesome5_Solid.ttf",
				"${TARGET_BUILD_DIR}/${UNLOCALIZED_RESOURCES_FOLDER_PATH}/Fontisto.ttf",
				"${TARGET_BUILD_DIR}/${UNLOCALIZED_RESOURCES_FOLDER_PATH}/Foundation.ttf",
				"${TARGET_BUILD_DIR}/${UNLOCALIZED_RESOURCES_FOLDER_PATH}/Ionicons.ttf",
				"${TARGET_BUILD_DIR}/${UNLOCALIZED_RESOURCES_FOLDER_PATH}/MaterialCommunityIcons.ttf",
				"${TARGET_BUILD_DIR}/${UNLOCALIZED_RESOURCES_FOLDER_PATH}/MaterialIcons.ttf",
				"${TARGET_BUILD_DIR}/${UNLOCALIZED_RESOURCES_FOLDER_PATH}/Octicons.ttf",
				"${TARGET_BUILD_DIR}/${UNLOCALIZED_RESOURCES_FOLDER_PATH}/SimpleLineIcons.ttf",
				"${TARGET_BUILD_DIR}/${UNLOCALIZED_RESOURCES_FOLDER_PATH}/Zocial.ttf",
			);
			runOnlyForDeploymentPostprocessing = 0;
			shellPath = /bin/sh;
			shellScript = "\"${PODS_ROOT}/Target Support Files/Pods-jetX/Pods-jetX-resources.sh\"\n";
			showEnvVarsInLog = 0;
		};
/* End PBXShellScriptBuildPhase section */

/* Begin PBXSourcesBuildPhase section */
		00E356EA1AD99517003FC87E /* Sources */ = {
			isa = PBXSourcesBuildPhase;
			buildActionMask = 2147483647;
			files = (
				00E356F31AD99517003FC87E /* jetXTests.m in Sources */,
			);
			runOnlyForDeploymentPostprocessing = 0;
		};
		13B07F871A680F5B00A75B9A /* Sources */ = {
			isa = PBXSourcesBuildPhase;
			buildActionMask = 2147483647;
			files = (
				13B07FBC1A68108700A75B9A /* AppDelegate.m in Sources */,
				13B07FC11A68108700A75B9A /* main.m in Sources */,
			);
			runOnlyForDeploymentPostprocessing = 0;
		};
		2D02E4771E0B4A5D006451C7 /* Sources */ = {
			isa = PBXSourcesBuildPhase;
			buildActionMask = 2147483647;
			files = (
				2D02E4BF1E0B4AB3006451C7 /* main.m in Sources */,
				2D02E4BC1E0B4A80006451C7 /* AppDelegate.m in Sources */,
			);
			runOnlyForDeploymentPostprocessing = 0;
		};
		2D02E48C1E0B4A5D006451C7 /* Sources */ = {
			isa = PBXSourcesBuildPhase;
			buildActionMask = 2147483647;
			files = (
				2DCD954D1E0B4F2C00145EB5 /* jetXTests.m in Sources */,
			);
			runOnlyForDeploymentPostprocessing = 0;
		};
/* End PBXSourcesBuildPhase section */

/* Begin PBXTargetDependency section */
		00E356F51AD99517003FC87E /* PBXTargetDependency */ = {
			isa = PBXTargetDependency;
			target = 13B07F861A680F5B00A75B9A /* jetX */;
			targetProxy = 00E356F41AD99517003FC87E /* PBXContainerItemProxy */;
		};
		2D02E4921E0B4A5D006451C7 /* PBXTargetDependency */ = {
			isa = PBXTargetDependency;
			target = 2D02E47A1E0B4A5D006451C7 /* jetX-tvOS */;
			targetProxy = 2D02E4911E0B4A5D006451C7 /* PBXContainerItemProxy */;
		};
/* End PBXTargetDependency section */

/* Begin PBXVariantGroup section */
		13B07FB11A68108700A75B9A /* LaunchScreen.xib */ = {
			isa = PBXVariantGroup;
			children = (
				13B07FB21A68108700A75B9A /* Base */,
			);
			name = LaunchScreen.xib;
			path = jetX;
			sourceTree = "<group>";
		};
/* End PBXVariantGroup section */

/* Begin XCBuildConfiguration section */
		00E356F61AD99517003FC87E /* Debug */ = {
			isa = XCBuildConfiguration;
			baseConfigurationReference = 219EEB72BD094187EE42C2EA /* Pods-jetXTests.debug.xcconfig */;
			buildSettings = {
				BUNDLE_LOADER = "$(TEST_HOST)";
				GCC_PREPROCESSOR_DEFINITIONS = (
					"DEBUG=1",
					"$(inherited)",
				);
				INFOPLIST_FILE = jetXTests/Info.plist;
				IPHONEOS_DEPLOYMENT_TARGET = 9.0;
				LD_RUNPATH_SEARCH_PATHS = "$(inherited) @executable_path/Frameworks @loader_path/Frameworks";
				OTHER_LDFLAGS = (
					"-ObjC",
					"-lc++",
					"$(inherited)",
				);
				PRODUCT_BUNDLE_IDENTIFIER = "org.reactjs.native.example.$(PRODUCT_NAME:rfc1034identifier)";
				PRODUCT_NAME = "$(TARGET_NAME)";
				TEST_HOST = "$(BUILT_PRODUCTS_DIR)/jetX.app/jetX";
			};
			name = Debug;
		};
		00E356F71AD99517003FC87E /* Release */ = {
			isa = XCBuildConfiguration;
			baseConfigurationReference = A7093C0E76C8AB40E5E44384 /* Pods-jetXTests.release.xcconfig */;
			buildSettings = {
				BUNDLE_LOADER = "$(TEST_HOST)";
				COPY_PHASE_STRIP = NO;
				INFOPLIST_FILE = jetXTests/Info.plist;
				IPHONEOS_DEPLOYMENT_TARGET = 9.0;
				LD_RUNPATH_SEARCH_PATHS = "$(inherited) @executable_path/Frameworks @loader_path/Frameworks";
				OTHER_LDFLAGS = (
					"-ObjC",
					"-lc++",
					"$(inherited)",
				);
				PRODUCT_BUNDLE_IDENTIFIER = "org.reactjs.native.example.$(PRODUCT_NAME:rfc1034identifier)";
				PRODUCT_NAME = "$(TARGET_NAME)";
				TEST_HOST = "$(BUILT_PRODUCTS_DIR)/jetX.app/jetX";
			};
			name = Release;
		};
		13B07F941A680F5B00A75B9A /* Debug */ = {
			isa = XCBuildConfiguration;
			baseConfigurationReference = A66BF8F60A062FCDE31E3915 /* Pods-jetX.debug.xcconfig */;
			buildSettings = {
				ASSETCATALOG_COMPILER_APPICON_NAME = AppIcon;
				CURRENT_PROJECT_VERSION = 1;
				DEAD_CODE_STRIPPING = NO;
				INFOPLIST_FILE = jetX/Info.plist;
				LD_RUNPATH_SEARCH_PATHS = "$(inherited) @executable_path/Frameworks";
				OTHER_LDFLAGS = (
					"$(inherited)",
					"-ObjC",
					"-lc++",
				);
				PRODUCT_BUNDLE_IDENTIFIER = "org.reactjs.native.example.$(PRODUCT_NAME:rfc1034identifier)";
				PRODUCT_NAME = jetX;
				VERSIONING_SYSTEM = "apple-generic";
			};
			name = Debug;
		};
		13B07F951A680F5B00A75B9A /* Release */ = {
			isa = XCBuildConfiguration;
			baseConfigurationReference = 34A7DB829D40DC0BA7BE304F /* Pods-jetX.release.xcconfig */;
			buildSettings = {
				ASSETCATALOG_COMPILER_APPICON_NAME = AppIcon;
				CURRENT_PROJECT_VERSION = 1;
				INFOPLIST_FILE = jetX/Info.plist;
				LD_RUNPATH_SEARCH_PATHS = "$(inherited) @executable_path/Frameworks";
				OTHER_LDFLAGS = (
					"$(inherited)",
					"-ObjC",
					"-lc++",
				);
				PRODUCT_BUNDLE_IDENTIFIER = "org.reactjs.native.example.$(PRODUCT_NAME:rfc1034identifier)";
				PRODUCT_NAME = jetX;
				VERSIONING_SYSTEM = "apple-generic";
			};
			name = Release;
		};
		2D02E4971E0B4A5E006451C7 /* Debug */ = {
			isa = XCBuildConfiguration;
			baseConfigurationReference = FD761C374A4721DE0D2D1C1F /* Pods-jetX-tvOS.debug.xcconfig */;
			buildSettings = {
				ASSETCATALOG_COMPILER_APPICON_NAME = "App Icon & Top Shelf Image";
				ASSETCATALOG_COMPILER_LAUNCHIMAGE_NAME = LaunchImage;
				CLANG_ANALYZER_NONNULL = YES;
				CLANG_WARN_DOCUMENTATION_COMMENTS = YES;
				CLANG_WARN_INFINITE_RECURSION = YES;
				CLANG_WARN_SUSPICIOUS_MOVE = YES;
				DEBUG_INFORMATION_FORMAT = dwarf;
				ENABLE_TESTABILITY = YES;
				GCC_NO_COMMON_BLOCKS = YES;
				INFOPLIST_FILE = "jetX-tvOS/Info.plist";
				LD_RUNPATH_SEARCH_PATHS = "$(inherited) @executable_path/Frameworks";
				OTHER_LDFLAGS = (
					"$(inherited)",
					"-ObjC",
					"-lc++",
				);
				PRODUCT_BUNDLE_IDENTIFIER = "com.facebook.REACT.jetX-tvOS";
				PRODUCT_NAME = "$(TARGET_NAME)";
				SDKROOT = appletvos;
				TARGETED_DEVICE_FAMILY = 3;
				TVOS_DEPLOYMENT_TARGET = 9.2;
			};
			name = Debug;
		};
		2D02E4981E0B4A5E006451C7 /* Release */ = {
			isa = XCBuildConfiguration;
			baseConfigurationReference = 83625AA17FBAA39A5D53DD9A /* Pods-jetX-tvOS.release.xcconfig */;
			buildSettings = {
				ASSETCATALOG_COMPILER_APPICON_NAME = "App Icon & Top Shelf Image";
				ASSETCATALOG_COMPILER_LAUNCHIMAGE_NAME = LaunchImage;
				CLANG_ANALYZER_NONNULL = YES;
				CLANG_WARN_DOCUMENTATION_COMMENTS = YES;
				CLANG_WARN_INFINITE_RECURSION = YES;
				CLANG_WARN_SUSPICIOUS_MOVE = YES;
				COPY_PHASE_STRIP = NO;
				DEBUG_INFORMATION_FORMAT = "dwarf-with-dsym";
				GCC_NO_COMMON_BLOCKS = YES;
				INFOPLIST_FILE = "jetX-tvOS/Info.plist";
				LD_RUNPATH_SEARCH_PATHS = "$(inherited) @executable_path/Frameworks";
				OTHER_LDFLAGS = (
					"$(inherited)",
					"-ObjC",
					"-lc++",
				);
				PRODUCT_BUNDLE_IDENTIFIER = "com.facebook.REACT.jetX-tvOS";
				PRODUCT_NAME = "$(TARGET_NAME)";
				SDKROOT = appletvos;
				TARGETED_DEVICE_FAMILY = 3;
				TVOS_DEPLOYMENT_TARGET = 9.2;
			};
			name = Release;
		};
		2D02E4991E0B4A5E006451C7 /* Debug */ = {
			isa = XCBuildConfiguration;
			baseConfigurationReference = D8E16159E3A45B2E2BC05727 /* Pods-jetX-tvOSTests.debug.xcconfig */;
			buildSettings = {
				BUNDLE_LOADER = "$(TEST_HOST)";
				CLANG_ANALYZER_NONNULL = YES;
				CLANG_WARN_DOCUMENTATION_COMMENTS = YES;
				CLANG_WARN_INFINITE_RECURSION = YES;
				CLANG_WARN_SUSPICIOUS_MOVE = YES;
				DEBUG_INFORMATION_FORMAT = dwarf;
				ENABLE_TESTABILITY = YES;
				GCC_NO_COMMON_BLOCKS = YES;
				INFOPLIST_FILE = "jetX-tvOSTests/Info.plist";
				LD_RUNPATH_SEARCH_PATHS = "$(inherited) @executable_path/Frameworks @loader_path/Frameworks";
				OTHER_LDFLAGS = (
					"$(inherited)",
					"-ObjC",
					"-lc++",
				);
				PRODUCT_BUNDLE_IDENTIFIER = "com.facebook.REACT.jetX-tvOSTests";
				PRODUCT_NAME = "$(TARGET_NAME)";
				SDKROOT = appletvos;
				TEST_HOST = "$(BUILT_PRODUCTS_DIR)/jetX-tvOS.app/jetX-tvOS";
				TVOS_DEPLOYMENT_TARGET = 10.1;
			};
			name = Debug;
		};
		2D02E49A1E0B4A5E006451C7 /* Release */ = {
			isa = XCBuildConfiguration;
			baseConfigurationReference = 229046BF1DC27F33EA4B405F /* Pods-jetX-tvOSTests.release.xcconfig */;
			buildSettings = {
				BUNDLE_LOADER = "$(TEST_HOST)";
				CLANG_ANALYZER_NONNULL = YES;
				CLANG_WARN_DOCUMENTATION_COMMENTS = YES;
				CLANG_WARN_INFINITE_RECURSION = YES;
				CLANG_WARN_SUSPICIOUS_MOVE = YES;
				COPY_PHASE_STRIP = NO;
				DEBUG_INFORMATION_FORMAT = "dwarf-with-dsym";
				GCC_NO_COMMON_BLOCKS = YES;
				INFOPLIST_FILE = "jetX-tvOSTests/Info.plist";
				LD_RUNPATH_SEARCH_PATHS = "$(inherited) @executable_path/Frameworks @loader_path/Frameworks";
				OTHER_LDFLAGS = (
					"$(inherited)",
					"-ObjC",
					"-lc++",
				);
				PRODUCT_BUNDLE_IDENTIFIER = "com.facebook.REACT.jetX-tvOSTests";
				PRODUCT_NAME = "$(TARGET_NAME)";
				SDKROOT = appletvos;
				TEST_HOST = "$(BUILT_PRODUCTS_DIR)/jetX-tvOS.app/jetX-tvOS";
				TVOS_DEPLOYMENT_TARGET = 10.1;
			};
			name = Release;
		};
		83CBBA201A601CBA00E9B192 /* Debug */ = {
			isa = XCBuildConfiguration;
			buildSettings = {
				ALWAYS_SEARCH_USER_PATHS = NO;
				CLANG_CXX_LANGUAGE_STANDARD = "gnu++0x";
				CLANG_CXX_LIBRARY = "libc++";
				CLANG_ENABLE_MODULES = YES;
				CLANG_ENABLE_OBJC_ARC = YES;
				CLANG_WARN_BLOCK_CAPTURE_AUTORELEASING = YES;
				CLANG_WARN_BOOL_CONVERSION = YES;
				CLANG_WARN_COMMA = YES;
				CLANG_WARN_CONSTANT_CONVERSION = YES;
				CLANG_WARN_DEPRECATED_OBJC_IMPLEMENTATIONS = YES;
				CLANG_WARN_DIRECT_OBJC_ISA_USAGE = YES_ERROR;
				CLANG_WARN_EMPTY_BODY = YES;
				CLANG_WARN_ENUM_CONVERSION = YES;
				CLANG_WARN_INFINITE_RECURSION = YES;
				CLANG_WARN_INT_CONVERSION = YES;
				CLANG_WARN_NON_LITERAL_NULL_CONVERSION = YES;
				CLANG_WARN_OBJC_IMPLICIT_RETAIN_SELF = YES;
				CLANG_WARN_OBJC_LITERAL_CONVERSION = YES;
				CLANG_WARN_OBJC_ROOT_CLASS = YES_ERROR;
				CLANG_WARN_RANGE_LOOP_ANALYSIS = YES;
				CLANG_WARN_STRICT_PROTOTYPES = YES;
				CLANG_WARN_SUSPICIOUS_MOVE = YES;
				CLANG_WARN_UNREACHABLE_CODE = YES;
				CLANG_WARN__DUPLICATE_METHOD_MATCH = YES;
				"CODE_SIGN_IDENTITY[sdk=iphoneos*]" = "iPhone Developer";
				COPY_PHASE_STRIP = NO;
				ENABLE_STRICT_OBJC_MSGSEND = YES;
				ENABLE_TESTABILITY = YES;
				GCC_C_LANGUAGE_STANDARD = gnu99;
				GCC_DYNAMIC_NO_PIC = NO;
				GCC_NO_COMMON_BLOCKS = YES;
				GCC_OPTIMIZATION_LEVEL = 0;
				GCC_PREPROCESSOR_DEFINITIONS = (
					"DEBUG=1",
					"$(inherited)",
				);
				GCC_SYMBOLS_PRIVATE_EXTERN = NO;
				GCC_WARN_64_TO_32_BIT_CONVERSION = YES;
				GCC_WARN_ABOUT_RETURN_TYPE = YES_ERROR;
				GCC_WARN_UNDECLARED_SELECTOR = YES;
				GCC_WARN_UNINITIALIZED_AUTOS = YES_AGGRESSIVE;
				GCC_WARN_UNUSED_FUNCTION = YES;
				GCC_WARN_UNUSED_VARIABLE = YES;
				IPHONEOS_DEPLOYMENT_TARGET = 9.0;
				MTL_ENABLE_DEBUG_INFO = YES;
				ONLY_ACTIVE_ARCH = YES;
				SDKROOT = iphoneos;
			};
			name = Debug;
		};
		83CBBA211A601CBA00E9B192 /* Release */ = {
			isa = XCBuildConfiguration;
			buildSettings = {
				ALWAYS_SEARCH_USER_PATHS = NO;
				CLANG_CXX_LANGUAGE_STANDARD = "gnu++0x";
				CLANG_CXX_LIBRARY = "libc++";
				CLANG_ENABLE_MODULES = YES;
				CLANG_ENABLE_OBJC_ARC = YES;
				CLANG_WARN_BLOCK_CAPTURE_AUTORELEASING = YES;
				CLANG_WARN_BOOL_CONVERSION = YES;
				CLANG_WARN_COMMA = YES;
				CLANG_WARN_CONSTANT_CONVERSION = YES;
				CLANG_WARN_DEPRECATED_OBJC_IMPLEMENTATIONS = YES;
				CLANG_WARN_DIRECT_OBJC_ISA_USAGE = YES_ERROR;
				CLANG_WARN_EMPTY_BODY = YES;
				CLANG_WARN_ENUM_CONVERSION = YES;
				CLANG_WARN_INFINITE_RECURSION = YES;
				CLANG_WARN_INT_CONVERSION = YES;
				CLANG_WARN_NON_LITERAL_NULL_CONVERSION = YES;
				CLANG_WARN_OBJC_IMPLICIT_RETAIN_SELF = YES;
				CLANG_WARN_OBJC_LITERAL_CONVERSION = YES;
				CLANG_WARN_OBJC_ROOT_CLASS = YES_ERROR;
				CLANG_WARN_RANGE_LOOP_ANALYSIS = YES;
				CLANG_WARN_STRICT_PROTOTYPES = YES;
				CLANG_WARN_SUSPICIOUS_MOVE = YES;
				CLANG_WARN_UNREACHABLE_CODE = YES;
				CLANG_WARN__DUPLICATE_METHOD_MATCH = YES;
				"CODE_SIGN_IDENTITY[sdk=iphoneos*]" = "iPhone Developer";
				COPY_PHASE_STRIP = YES;
				ENABLE_NS_ASSERTIONS = NO;
				ENABLE_STRICT_OBJC_MSGSEND = YES;
				GCC_C_LANGUAGE_STANDARD = gnu99;
				GCC_NO_COMMON_BLOCKS = YES;
				GCC_WARN_64_TO_32_BIT_CONVERSION = YES;
				GCC_WARN_ABOUT_RETURN_TYPE = YES_ERROR;
				GCC_WARN_UNDECLARED_SELECTOR = YES;
				GCC_WARN_UNINITIALIZED_AUTOS = YES_AGGRESSIVE;
				GCC_WARN_UNUSED_FUNCTION = YES;
				GCC_WARN_UNUSED_VARIABLE = YES;
				IPHONEOS_DEPLOYMENT_TARGET = 9.0;
				MTL_ENABLE_DEBUG_INFO = NO;
				SDKROOT = iphoneos;
				VALIDATE_PRODUCT = YES;
			};
			name = Release;
		};
/* End XCBuildConfiguration section */

/* Begin XCConfigurationList section */
		00E357021AD99517003FC87E /* Build configuration list for PBXNativeTarget "jetXTests" */ = {
			isa = XCConfigurationList;
			buildConfigurations = (
				00E356F61AD99517003FC87E /* Debug */,
				00E356F71AD99517003FC87E /* Release */,
			);
			defaultConfigurationIsVisible = 0;
			defaultConfigurationName = Release;
		};
		13B07F931A680F5B00A75B9A /* Build configuration list for PBXNativeTarget "jetX" */ = {
			isa = XCConfigurationList;
			buildConfigurations = (
				13B07F941A680F5B00A75B9A /* Debug */,
				13B07F951A680F5B00A75B9A /* Release */,
			);
			defaultConfigurationIsVisible = 0;
			defaultConfigurationName = Release;
		};
		2D02E4BA1E0B4A5E006451C7 /* Build configuration list for PBXNativeTarget "jetX-tvOS" */ = {
			isa = XCConfigurationList;
			buildConfigurations = (
				2D02E4971E0B4A5E006451C7 /* Debug */,
				2D02E4981E0B4A5E006451C7 /* Release */,
			);
			defaultConfigurationIsVisible = 0;
			defaultConfigurationName = Release;
		};
		2D02E4BB1E0B4A5E006451C7 /* Build configuration list for PBXNativeTarget "jetX-tvOSTests" */ = {
			isa = XCConfigurationList;
			buildConfigurations = (
				2D02E4991E0B4A5E006451C7 /* Debug */,
				2D02E49A1E0B4A5E006451C7 /* Release */,
			);
			defaultConfigurationIsVisible = 0;
			defaultConfigurationName = Release;
		};
		83CBB9FA1A601CBA00E9B192 /* Build configuration list for PBXProject "jetX" */ = {
			isa = XCConfigurationList;
			buildConfigurations = (
				83CBBA201A601CBA00E9B192 /* Debug */,
				83CBBA211A601CBA00E9B192 /* Release */,
			);
			defaultConfigurationIsVisible = 0;
			defaultConfigurationName = Release;
		};
/* End XCConfigurationList section */
	};
	rootObject = 83CBB9F71A601CBA00E9B192 /* Project object */;
}
